{
  "requires": true,
  "lockfileVersion": 1,
  "dependencies": {
    "vue-virtual-scroll-list": {
      "version": "1.4.4",
      "resolved": "https://registry.npmjs.org/vue-virtual-scroll-list/-/vue-virtual-scroll-list-1.4.4.tgz",
      "integrity": "sha512-wU7FDpd9Xy4f62pf8SBg/ak21jMI/pdx4s4JPah+z/zuhmeAafQgp8BjtZvvt+b0BZOsOS1FJuCfUH7azTkivQ=="
    }
  }
}
